
Microsoft Visual Studio Solution File, Format Version 12.00
# Visual Studio 15
VisualStudioVersion = 15.0.27004.2006
MinimumVisualStudioVersion = 10.0.40219.1
Project("{FAE04EC0-301F-11D3-BF4B-00C04F79EFBC}") = "APItutor", "seminarskamm\APItutor.csproj", "{A063107A-9930-4605-9FC3-3AA1A3F0D412}"
EndProject
Global
	GlobalSection(SolutionConfigurationPlatforms) = preSolution
		Debug|Any CPU = Debug|Any CPU
		Release|Any CPU = Release|Any CPU
	EndGlobalSection
	GlobalSection(ProjectConfigurationPlatforms) = postSolution
		{A063107A-9930-4605-9FC3-3AA1A3F0D412}.Debug|Any CPU.ActiveCfg = Debug|Any CPU
		{A063107A-9930-4605-9FC3-3AA1A3F0D412}.Debug|Any CPU.Build.0 = Debug|Any CPU
		{A063107A-9930-4605-9FC3-3AA1A3F0D412}.Release|Any CPU.ActiveCfg = Release|Any CPU
		{A063107A-9930-4605-9FC3-3AA1A3F0D412}.Release|Any CPU.Build.0 = Release|Any CPU
	EndGlobalSection
	GlobalSection(SolutionProperties) = preSolution
		HideSolutionNode = FALSE
	EndGlobalSection
	GlobalSection(ExtensibilityGlobals) = postSolution
		SolutionGuid = {D9C717DF-D2CB-4230-8200-14BC36ADED8D}
	EndGlobalSection
EndGlobal
